{
    "_meta": {
        "hash": {
            "sha256": "f3e3e52c17834ea6840866b0264ac7b951127f4221f2cf96f0a37fd9f9c2ad1a"
        },
        "pipfile-spec": 6,
        "requires": {
            "python_version": "2"
        },
        "sources": [
            {
                "name": "pypi",
                "url": "https://pypi.org/simple",
                "verify_ssl": true
            }
        ]
    },
    "default": {
        "adafruit-bno055": {
            "hashes": [
                "sha256:6a3848cda6a0a28f6b07f8c4ccae76f521d0d66d82e58971584947edc4bcf96d",
                "sha256:e5edec219932d33720ce078a6e6ac9736ba80e85b769f6e4ed3c33e2214ffd64"
            ],
            "index": "pypi",
            "version": "==1.0.2"
        },
        "adafruit-gpio": {
            "hashes": [
                "sha256:d6465b92c866c51ca8f3bc1e8f2ec36f5ccdb46d0fd54101c1109756d4a2dcd0"
            ],
            "version": "==1.0.3"
        },
        "adafruit-pca9685": {
            "hashes": [
                "sha256:24d632c912a23f44416369555f3f39f2509975b89d37955f125bc009040a1dfd",
                "sha256:24d9c8c1fd17093d3255823c5b43f7dccd0b95a042d663832af473507f188ea9"
            ],
            "index": "pypi",
            "version": "==1.0.1"
        },
        "adafruit-pureio": {
            "hashes": [
                "sha256:e65cd929f1d8e109513ed1e457c2742bf4f15349c1a9b7f5b1e04191624d7488"
            ],
            "version": "==0.2.3"
        },
        "geographiclib": {
            "hashes": [
                "sha256:635da648fce80a57b81b28875d103dacf7deb12a3f5f7387ba7d39c51e096533"
            ],
            "index": "pypi",
            "version": "==1.49"
        },
        "geojson": {
            "hashes": [
                "sha256:b175e00a76d923d6e7409de0784c147adcdd6e04b311b1d405895a4db3612c9d",
                "sha256:b2bfb5c8e6b4b0c55dd139996317145aa8526146b3f8570586f9613c527a648a"
            ],
            "index": "pypi",
            "version": "==2.4.1"
        },
        "numpy": {
            "hashes": [
                "sha256:0778076e764e146d3078b17c24c4d89e0ecd4ac5401beff8e1c87879043a0633",
                "sha256:141c7102f20abe6cf0d54c4ced8d565b86df4d3077ba2343b61a6db996cefec7",
                "sha256:14270a1ee8917d11e7753fb54fc7ffd1934f4d529235beec0b275e2ccf00333b",
                "sha256:27e11c7a8ec9d5838bc59f809bfa86efc8a4fd02e58960fa9c49d998e14332d5",
                "sha256:2a04dda79606f3d2f760384c38ccd3d5b9bb79d4c8126b67aff5eb09a253763e",
                "sha256:3c26010c1b51e1224a3ca6b8df807de6e95128b0908c7e34f190e7775455b0ca",
                "sha256:52c40f1a4262c896420c6ea1c6fda62cf67070e3947e3307f5562bd783a90336",
                "sha256:6e4f8d9e8aa79321657079b9ac03f3cf3fd067bf31c1cca4f56d49543f4356a5",
                "sha256:7242be12a58fec245ee9734e625964b97cf7e3f2f7d016603f9e56660ce479c7",
                "sha256:7dc253b542bfd4b4eb88d9dbae4ca079e7bf2e2afd819ee18891a43db66c60c7",
                "sha256:94f5bd885f67bbb25c82d80184abbf7ce4f6c3c3a41fbaa4182f034bba803e69",
                "sha256:a89e188daa119ffa0d03ce5123dee3f8ffd5115c896c2a9d4f0dbb3d8b95bfa3",
                "sha256:ad3399da9b0ca36e2f24de72f67ab2854a62e623274607e37e0ce5f5d5fa9166",
                "sha256:b0348be89275fd1d4c44ffa39530c41a21062f52299b1e3ee7d1c61f060044b8",
                "sha256:b5554368e4ede1856121b0dfa35ce71768102e4aa55e526cb8de7f374ff78722",
                "sha256:cbddc56b2502d3f87fda4f98d948eb5b11f36ff3902e17cb6cc44727f2200525",
                "sha256:d79f18f41751725c56eceab2a886f021d70fd70a6188fd386e29a045945ffc10",
                "sha256:dc2ca26a19ab32dc475dbad9dfe723d3a64c835f4c23f625c2b6566ca32b9f29",
                "sha256:dd9bcd4f294eb0633bb33d1a74febdd2b9018b8b8ed325f861fffcd2c7660bb8",
                "sha256:e8baab1bc7c9152715844f1faca6744f2416929de10d7639ed49555a85549f52",
                "sha256:ec31fe12668af687b99acf1567399632a7c47b0e17cfb9ae47c098644ef36797",
                "sha256:f12b4f7e2d8f9da3141564e6737d79016fe5336cc92de6814eba579744f65b0a",
                "sha256:f58ac38d5ca045a377b3b377c84df8175ab992c970a53332fa8ac2373df44ff7"
            ],
            "index": "pypi",
            "version": "==1.16.4"
        },
        "paho-mqtt": {
            "hashes": [
                "sha256:e440a052b46d222e184be3be38676378722072fcd4dfd2c8f509fb861a7b0b79"
            ],
            "index": "pypi",
            "version": "==1.4.0"
        },
        "pynmea2": {
            "hashes": [
                "sha256:8b83fa7e3e668af5e182ef1c2fd4a535433ecadf60d7b627280172d695a1646b",
                "sha256:fe786594299588d1bfbd346ece2c2c1e5b24e160dcb740813c34bfa70d0a141d"
            ],
            "index": "pypi",
            "version": "==1.15.0"
        },
        "pyserial": {
            "hashes": [
                "sha256:6e2d401fdee0eab996cf734e67773a0143b932772ca8b42451440cfed942c627",
                "sha256:e0770fadba80c31013896c7e6ef703f72e7834965954a78e71a3049488d4d7d8"
            ],
            "version": "==3.4"
        },
        "rpi.gpio": {
            "hashes": [
                "sha256:7424bc6c205466764f30f666c18187a0824077daf20b295c42f08aea2cb87d3f"
            ],
            "index": "pypi",
            "version": "==0.7.0"
        },
        "smbus": {
            "hashes": [
                "sha256:39923448455a41c6bbe823de62b191103dd711917056362d9e4b1d2c6ec0f06d",
                "sha256:529f9effc383b6381534d1d845eaf1078bdd2d4e625c945b23cf274d5cf1c306",
                "sha256:b467235734ae5c147c4ec0eff1afb9dba189d9d3cc086ed7e0d3dbf0ae485230",
                "sha256:f96d345e0aa10053a8a4917634f1dc37ba1f656fa5cace7629b71777e90855c6"
            ],
            "index": "pypi",
            "version": "==1.1.post2"
        },
        "spidev": {
            "hashes": [
                "sha256:4314e52f573d95233c907f307558893313a8a606e197e77bb711526b0e179e80"
            ],
            "version": "==3.4"
        }
    },
    "develop": {
        "yapf": {
            "hashes": [
                "sha256:02ace10a00fa2e36c7ebd1df2ead91dbfbd7989686dc4ccbdc549e95d19f5780",
                "sha256:6f94b6a176a7c114cfa6bad86d40f259bbe0f10cf2fa7f2f4b3596fc5802a41b"
            ],
            "index": "pypi",
            "version": "==0.28.0"
        }
    }
}
